
Microsoft Visual Studio Solution File, Format Version 12.00
# Visual Studio Version 16
VisualStudioVersion = 16.0.30204.135
MinimumVisualStudioVersion = 10.0.40219.1
Project("{FAE04EC0-301F-11D3-BF4B-00C04F79EFBC}") = "JocoFoodMenuService", "JocoFoodMenuService\JocoFoodMenuService.csproj", "{9DFFC2A4-09CA-40BB-8543-3B8ACEE080FB}"
EndProject
Global
	GlobalSection(SolutionConfigurationPlatforms) = preSolution
		Debug|Any CPU = Debug|Any CPU
		Release|Any CPU = Release|Any CPU
	EndGlobalSection
	GlobalSection(ProjectConfigurationPlatforms) = postSolution
		{9DFFC2A4-09CA-40BB-8543-3B8ACEE080FB}.Debug|Any CPU.ActiveCfg = Debug|Any CPU
		{9DFFC2A4-09CA-40BB-8543-3B8ACEE080FB}.Debug|Any CPU.Build.0 = Debug|Any CPU
		{9DFFC2A4-09CA-40BB-8543-3B8ACEE080FB}.Release|Any CPU.ActiveCfg = Release|Any CPU
		{9DFFC2A4-09CA-40BB-8543-3B8ACEE080FB}.Release|Any CPU.Build.0 = Release|Any CPU
	EndGlobalSection
	GlobalSection(SolutionProperties) = preSolution
		HideSolutionNode = FALSE
	EndGlobalSection
	GlobalSection(ExtensibilityGlobals) = postSolution
		SolutionGuid = {75BB4DF4-A935-49FF-8D68-9ADB7CE56EBA}
	EndGlobalSection
EndGlobal
